<?xml version="1.0" encoding="utf-8"?>
<Project ToolsVersion="4.0" xmlns="http://schemas.microsoft.com/developer/msbuild/2003">
  <ItemGroup>
    <Filter Include="소스 파일">
      <UniqueIdentifier>{4FC737F1-C7A5-4376-A066-2A32D752A2FF}</UniqueIdentifier>
      <Extensions>cpp;c;cc;cxx;def;odl;idl;hpj;bat;asm;asmx</Extensions>
    </Filter>
    <Filter Include="헤더 파일">
      <UniqueIdentifier>{93995380-89BD-4b04-88EB-625FBE52EBFB}</UniqueIdentifier>
      <Extensions>h;hh;hpp;hxx;hm;inl;inc;xsd</Extensions>
    </Filter>
    <Filter Include="리소스 파일">
      <UniqueIdentifier>{67DA6AB6-F800-4c08-8B7A-83BB121AAD01}</UniqueIdentifier>
      <Extensions>rc;ico;cur;bmp;dlg;rc2;rct;bin;rgs;gif;jpg;jpeg;jpe;resx;tiff;tif;png;wav;mfcribbon-ms</Extensions>
    </Filter>
  </ItemGroup>
  <ItemGroup>
    <ClCompile Include="15947-아기 석환 뚜루루 뚜루.cpp">
      <Filter>소스 파일</Filter>
    </ClCompile>
    <ClCompile Include="17295-엔드게임 스포일러.cpp">
      <Filter>소스 파일</Filter>
    </ClCompile>
    <ClCompile Include="17285-XORChic.cpp">
      <Filter>소스 파일</Filter>
    </ClCompile>
    <ClCompile Include="15813-너의 이름은 몇 점이니.cpp">
      <Filter>소스 파일</Filter>
    </ClCompile>
    <ClCompile Include="2588-곱셈cpp.cpp">
      <Filter>소스 파일</Filter>
    </ClCompile>
    <ClCompile Include="2003-수들의 합 2.cpp">
      <Filter>소스 파일</Filter>
    </ClCompile>
    <ClCompile Include="1182-부분수열의 합.cpp">
      <Filter>소스 파일</Filter>
    </ClCompile>
    <ClCompile Include="1764-듣보잡.cpp">
      <Filter>소스 파일</Filter>
    </ClCompile>
    <ClCompile Include="2631-줄세우기.cpp">
      <Filter>소스 파일</Filter>
    </ClCompile>
    <ClCompile Include="1965-상자넣기.cpp">
      <Filter>소스 파일</Filter>
    </ClCompile>
    <ClCompile Include="11729-하노이 탑 이동 순서.cpp">
      <Filter>소스 파일</Filter>
    </ClCompile>
    <ClCompile Include="15964-이상한 기호.c">
      <Filter>소스 파일</Filter>
    </ClCompile>
    <ClCompile Include="10757-큰 수 A+B.cpp">
      <Filter>소스 파일</Filter>
    </ClCompile>
    <ClCompile Include="10773-제로.cpp">
      <Filter>소스 파일</Filter>
    </ClCompile>
    <ClCompile Include="10829-이진수 변환.cpp">
      <Filter>소스 파일</Filter>
    </ClCompile>
    <ClCompile Include="11866-조세퍼스 문제 0.cpp">
      <Filter>소스 파일</Filter>
    </ClCompile>
    <ClCompile Include="5545-최고의 피자.cpp">
      <Filter>소스 파일</Filter>
    </ClCompile>
    <ClCompile Include="1449-수리공 항승.cpp">
      <Filter>소스 파일</Filter>
    </ClCompile>
    <ClCompile Include="11066-파일 합치기.cpp">
      <Filter>소스 파일</Filter>
    </ClCompile>
    <ClCompile Include="7562-나이트의 이동.cpp">
      <Filter>소스 파일</Filter>
    </ClCompile>
    <ClCompile Include="9465-스티커.cpp">
      <Filter>소스 파일</Filter>
    </ClCompile>
    <ClCompile Include="1874-스택 수열.cpp">
      <Filter>소스 파일</Filter>
    </ClCompile>
    <ClCompile Include="10816-숫자 카드 2.c">
      <Filter>소스 파일</Filter>
    </ClCompile>
    <ClCompile Include="10867-중복 빼고 정렬하기.cpp">
      <Filter>소스 파일</Filter>
    </ClCompile>
    <ClCompile Include="10991-별 찍기 - 16.cpp">
      <Filter>소스 파일</Filter>
    </ClCompile>
    <ClCompile Include="11651-좌표 정렬하기 2.cpp">
      <Filter>소스 파일</Filter>
    </ClCompile>
    <ClCompile Include="2667-단지번호붙이기.cpp">
      <Filter>소스 파일</Filter>
    </ClCompile>
    <ClCompile Include="9507-Generations of Tribbles.cpp">
      <Filter>소스 파일</Filter>
    </ClCompile>
    <ClCompile Include="1181-단어정렬.cpp">
      <Filter>소스 파일</Filter>
    </ClCompile>
    <ClCompile Include="15873-공백없는 A+B.cpp">
      <Filter>소스 파일</Filter>
    </ClCompile>
    <ClCompile Include="9372-상근이의 여행.cpp">
      <Filter>소스 파일</Filter>
    </ClCompile>
    <ClCompile Include="14647-준오는 조류혐오야.cpp">
      <Filter>소스 파일</Filter>
    </ClCompile>
    <ClCompile Include="13909-창문 닫기.cpp">
      <Filter>소스 파일</Filter>
    </ClCompile>
    <ClCompile Include="13507739-정수 N개의 합.cpp">
      <Filter>소스 파일</Filter>
    </ClCompile>
    <ClCompile Include="9252-LCS 2.cpp">
      <Filter>소스 파일</Filter>
    </ClCompile>
    <ClCompile Include="6376-e 계산.c">
      <Filter>소스 파일</Filter>
    </ClCompile>
    <ClCompile Include="2491-수열.cpp">
      <Filter>소스 파일</Filter>
    </ClCompile>
    <ClCompile Include="1080-행렬.cpp">
      <Filter>소스 파일</Filter>
    </ClCompile>
    <ClCompile Include="9713-Sum of Odd Sequence.c">
      <Filter>소스 파일</Filter>
    </ClCompile>
    <ClCompile Include="1259-팰린드롬수.cpp">
      <Filter>소스 파일</Filter>
    </ClCompile>
    <ClCompile Include="15905-스텔라(STELLA)가 치킨을 선물했어요.cpp">
      <Filter>소스 파일</Filter>
    </ClCompile>
    <ClCompile Include="12780-원피스.cpp">
      <Filter>소스 파일</Filter>
    </ClCompile>
    <ClCompile Include="1644-소수의 연속합.cpp">
      <Filter>소스 파일</Filter>
    </ClCompile>
    <ClCompile Include="2863-이게 분수.c">
      <Filter>소스 파일</Filter>
    </ClCompile>
    <ClCompile Include="14502-연구소.cpp">
      <Filter>소스 파일</Filter>
    </ClCompile>
    <ClCompile Include="2828-사과 담기 게임.cpp">
      <Filter>소스 파일</Filter>
    </ClCompile>
    <ClCompile Include="8980-택배.cpp">
      <Filter>소스 파일</Filter>
    </ClCompile>
    <ClCompile Include="11333-4xn타일링.cpp">
      <Filter>소스 파일</Filter>
    </ClCompile>
    <ClCompile Include="1992-쿼드트리.cpp">
      <Filter>소스 파일</Filter>
    </ClCompile>
    <ClCompile Include="1780-종이의 개수.cpp">
      <Filter>소스 파일</Filter>
    </ClCompile>
    <ClCompile Include="14890-경사로.cpp">
      <Filter>소스 파일</Filter>
    </ClCompile>
    <ClCompile Include="2252-줄세우기.cpp">
      <Filter>소스 파일</Filter>
    </ClCompile>
    <ClCompile Include="11053-가장 긴 증가하는 부분 수열.cpp">
      <Filter>소스 파일</Filter>
    </ClCompile>
    <ClCompile Include="17224-APC는 왜 서브태스크 대회가 되었을까cpp.cpp">
      <Filter>소스 파일</Filter>
    </ClCompile>
    <ClCompile Include="B번-우유가 넘어지면.c">
      <Filter>소스 파일</Filter>
    </ClCompile>
    <ClCompile Include="A번.c">
      <Filter>소스 파일</Filter>
    </ClCompile>
    <ClCompile Include="1712-손익분기점.cpp">
      <Filter>소스 파일</Filter>
    </ClCompile>
    <ClCompile Include="1107-리모컨.cpp">
      <Filter>소스 파일</Filter>
    </ClCompile>
    <ClCompile Include="10769-행복한지 슬픈지.cpp">
      <Filter>소스 파일</Filter>
    </ClCompile>
    <ClCompile Include="15565-귀여운 라이언.cpp">
      <Filter>소스 파일</Filter>
    </ClCompile>
    <ClCompile Include="13900-순서쌍의 곱의 합.cpp">
      <Filter>소스 파일</Filter>
    </ClCompile>
    <ClCompile Include="10995-별찍기 20.cpp">
      <Filter>소스 파일</Filter>
    </ClCompile>
    <ClCompile Include="1356-유진수.cpp">
      <Filter>소스 파일</Filter>
    </ClCompile>
    <ClCompile Include="1676-팩토리얼 0의 개수.cpp">
      <Filter>소스 파일</Filter>
    </ClCompile>
    <ClCompile Include="9295-주사위.cpp">
      <Filter>소스 파일</Filter>
    </ClCompile>
    <ClCompile Include="1120-문자열.cpp">
      <Filter>소스 파일</Filter>
    </ClCompile>
    <ClCompile Include="2875-대회or인턴.cpp">
      <Filter>소스 파일</Filter>
    </ClCompile>
    <ClCompile Include="2529-부등호.cpp">
      <Filter>소스 파일</Filter>
    </ClCompile>
    <ClCompile Include="10814-나이순 정렬.cpp">
      <Filter>소스 파일</Filter>
    </ClCompile>
    <ClCompile Include="11931-수 정렬하기 4.cpp">
      <Filter>소스 파일</Filter>
    </ClCompile>
    <ClCompile Include="15688-수 정렬하기 5.cpp">
      <Filter>소스 파일</Filter>
    </ClCompile>
    <ClCompile Include="3226-전화 요금.cpp">
      <Filter>소스 파일</Filter>
    </ClCompile>
    <ClCompile Include="14928-큰수 (BIG).cpp">
      <Filter>소스 파일</Filter>
    </ClCompile>
    <ClCompile Include="2212-센서.cpp">
      <Filter>소스 파일</Filter>
    </ClCompile>
    <ClCompile Include="2630-색종이.cpp">
      <Filter>소스 파일</Filter>
    </ClCompile>
    <ClCompile Include="2178-미로 탐색.cpp">
      <Filter>소스 파일</Filter>
    </ClCompile>
    <ClCompile Include="1697-숨바꼭질.cpp">
      <Filter>소스 파일</Filter>
    </ClCompile>
    <ClCompile Include="2798-블랙잭.cpp">
      <Filter>소스 파일</Filter>
    </ClCompile>
    <ClCompile Include="3009-네 번째 점.cpp">
      <Filter>소스 파일</Filter>
    </ClCompile>
    <ClCompile Include="퀴솔트연습.cpp">
      <Filter>소스 파일</Filter>
    </ClCompile>
    <ClCompile Include="5691-평균중앙값 문제.cpp">
      <Filter>소스 파일</Filter>
    </ClCompile>
    <ClCompile Include="14730-謎紛芥索紀.cpp">
      <Filter>소스 파일</Filter>
    </ClCompile>
    <ClCompile Include="1759-암호만들기.cpp">
      <Filter>소스 파일</Filter>
    </ClCompile>
    <ClCompile Include="6603-로또.cpp">
      <Filter>소스 파일</Filter>
    </ClCompile>
    <ClCompile Include="4641-Doubles.cpp">
      <Filter>소스 파일</Filter>
    </ClCompile>
    <ClCompile Include="1018-체스판다시칠하기.cpp">
      <Filter>소스 파일</Filter>
    </ClCompile>
    <ClCompile Include="9325-얼마.cpp">
      <Filter>소스 파일</Filter>
    </ClCompile>
    <ClCompile Include="1966-프린터큐.cpp">
      <Filter>소스 파일</Filter>
    </ClCompile>
    <ClCompile Include="14888-연산자 끼워넣기.cpp">
      <Filter>소스 파일</Filter>
    </ClCompile>
    <ClCompile Include="9085-더하기.cpp">
      <Filter>소스 파일</Filter>
    </ClCompile>
    <ClCompile Include="5717-상근이의 친구들.cpp">
      <Filter>소스 파일</Filter>
    </ClCompile>
    <ClCompile Include="cf580-a.cpp">
      <Filter>소스 파일</Filter>
    </ClCompile>
    <ClCompile Include="cf580-b.cpp">
      <Filter>소스 파일</Filter>
    </ClCompile>
    <ClCompile Include="14503-로봇 청소기.cpp">
      <Filter>소스 파일</Filter>
    </ClCompile>
    <ClCompile Include="14499-주사위 굴리기.cpp">
      <Filter>소스 파일</Filter>
    </ClCompile>
    <ClCompile Include="11728-배열합치기.cpp">
      <Filter>소스 파일</Filter>
    </ClCompile>
    <ClCompile Include="2110-공유기 설치.cpp">
      <Filter>소스 파일</Filter>
    </ClCompile>
    <ClCompile Include="cf581-a.cpp">
      <Filter>소스 파일</Filter>
    </ClCompile>
    <ClCompile Include="cf581-b.cpp">
      <Filter>소스 파일</Filter>
    </ClCompile>
    <ClCompile Include="2805-나무자르기.cpp">
      <Filter>소스 파일</Filter>
    </ClCompile>
    <ClCompile Include="10815-숫자 카드.cpp">
      <Filter>소스 파일</Filter>
    </ClCompile>
    <ClCompile Include="14889-스타트와 링크.cpp">
      <Filter>소스 파일</Filter>
    </ClCompile>
    <ClCompile Include="연구소2.cpp">
      <Filter>소스 파일</Filter>
    </ClCompile>
    <ClCompile Include="4153-직각삼각형.cpp">
      <Filter>소스 파일</Filter>
    </ClCompile>
    <ClCompile Include="15651-n과m%283%29.cpp">
      <Filter>소스 파일</Filter>
    </ClCompile>
    <ClCompile Include="15649-n과 mcpp.cpp">
      <Filter>소스 파일</Filter>
    </ClCompile>
    <ClCompile Include="15650-n과m2.cpp">
      <Filter>소스 파일</Filter>
    </ClCompile>
    <ClCompile Include="15652-n과m(4).cpp">
      <Filter>소스 파일</Filter>
    </ClCompile>
    <ClCompile Include="15653-n과m(5).cpp">
      <Filter>소스 파일</Filter>
    </ClCompile>
    <ClCompile Include="15653-n과m(7).cpp">
      <Filter>소스 파일</Filter>
    </ClCompile>
    <ClCompile Include="3055-탈출.cpp">
      <Filter>소스 파일</Filter>
    </ClCompile>
    <ClCompile Include="12865-평범한 배낭.cpp">
      <Filter>소스 파일</Filter>
    </ClCompile>
    <ClCompile Include="12920-평범한 배낭2.cpp">
      <Filter>소스 파일</Filter>
    </ClCompile>
    <ClCompile Include="2206-벽 부수고 이동하기.cpp">
      <Filter>소스 파일</Filter>
    </ClCompile>
    <ClCompile Include="585-a.cpp">
      <Filter>소스 파일</Filter>
    </ClCompile>
    <ClCompile Include="585-b.cpp">
      <Filter>소스 파일</Filter>
    </ClCompile>
    <ClCompile Include="11724-연결 요소의 개수.cpp">
      <Filter>소스 파일</Filter>
    </ClCompile>
    <ClCompile Include="2098-외판원순회.cpp">
      <Filter>소스 파일</Filter>
    </ClCompile>
    <ClCompile Include="1931-회의실배정.cpp">
      <Filter>소스 파일</Filter>
    </ClCompile>
    <ClCompile Include="2467-용액.cpp">
      <Filter>소스 파일</Filter>
    </ClCompile>
    <ClCompile Include="1509-팰린드롬 분할.cpp">
      <Filter>소스 파일</Filter>
    </ClCompile>
    <ClCompile Include="15685-드래곤 커브.cpp">
      <Filter>소스 파일</Filter>
    </ClCompile>
    <ClCompile Include="6236-용돈관리.cpp">
      <Filter>소스 파일</Filter>
    </ClCompile>
    <ClCompile Include="1302-베스트셀러.cpp">
      <Filter>소스 파일</Filter>
    </ClCompile>
    <ClCompile Include="17144-미세먼지 안녕.cpp">
      <Filter>소스 파일</Filter>
    </ClCompile>
    <ClCompile Include="1-연습.cpp">
      <Filter>소스 파일</Filter>
    </ClCompile>
    <ClCompile Include="14500-테트로미노.cpp">
      <Filter>소스 파일</Filter>
    </ClCompile>
    <ClCompile Include="15686-치킨배달.cpp">
      <Filter>소스 파일</Filter>
    </ClCompile>
    <ClCompile Include="15683-감시.cpp">
      <Filter>소스 파일</Filter>
    </ClCompile>
    <ClCompile Include="13460-구슬 탈출2.cpp">
      <Filter>소스 파일</Filter>
    </ClCompile>
    <ClCompile Include="16677-악마게임.c">
      <Filter>소스 파일</Filter>
    </ClCompile>
    <ClCompile Include="1806-부분합.cpp">
      <Filter>소스 파일</Filter>
    </ClCompile>
    <ClCompile Include="17471-게리맨더링.cpp">
      <Filter>소스 파일</Filter>
    </ClCompile>
    <ClCompile Include="네이버 코데.c">
      <Filter>소스 파일</Filter>
    </ClCompile>
    <ClCompile Include="1074-Z.cpp">
      <Filter>소스 파일</Filter>
    </ClCompile>
    <ClCompile Include="2004-조합 0의 개수.cpp">
      <Filter>소스 파일</Filter>
    </ClCompile>
    <ClCompile Include="카카오 겨울인턴쉽 1번.cpp">
      <Filter>소스 파일</Filter>
    </ClCompile>
    <ClCompile Include="카카오 겨울인턴쉽 2번.cpp">
      <Filter>소스 파일</Filter>
    </ClCompile>
    <ClCompile Include="카카오 겨울인턴쉽 3번.cpp">
      <Filter>소스 파일</Filter>
    </ClCompile>
    <ClCompile Include="카카오 겨울인턴쉽 5번.cpp">
      <Filter>소스 파일</Filter>
    </ClCompile>
    <ClCompile Include="소수 회문.cpp">
      <Filter>소스 파일</Filter>
    </ClCompile>
    <ClCompile Include="애벌레 나뭇잎 먹방.cpp">
      <Filter>소스 파일</Filter>
    </ClCompile>
    <ClCompile Include="17837-새로운 게임2.cpp">
      <Filter>소스 파일</Filter>
    </ClCompile>
    <ClCompile Include="1260-DFS와 BFS.cpp">
      <Filter>소스 파일</Filter>
    </ClCompile>
    <ClCompile Include="연구소 2.cpp">
      <Filter>소스 파일</Filter>
    </ClCompile>
    <ClCompile Include="N과 M (8).cpp">
      <Filter>소스 파일</Filter>
    </ClCompile>
    <ClCompile Include="15663-N과 M (9).cpp">
      <Filter>소스 파일</Filter>
    </ClCompile>
    <ClCompile Include="엽습1.cpp">
      <Filter>소스 파일</Filter>
    </ClCompile>
    <ClCompile Include="1번.cpp">
      <Filter>소스 파일</Filter>
    </ClCompile>
    <ClCompile Include="2번.cpp">
      <Filter>소스 파일</Filter>
    </ClCompile>
    <ClCompile Include="순열의 주기.cpp">
      <Filter>소스 파일</Filter>
    </ClCompile>
    <ClCompile Include="숫자찾기.cpp">
      <Filter>소스 파일</Filter>
    </ClCompile>
    <ClCompile Include="3190-뱀.cpp">
      <Filter>소스 파일</Filter>
    </ClCompile>
    <ClCompile Include="2293-동전 1.cpp">
      <Filter>소스 파일</Filter>
    </ClCompile>
    <ClCompile Include="1699-제곱수의 합cpp.cpp">
      <Filter>소스 파일</Filter>
    </ClCompile>
    <ClCompile Include="9461-파도반 수열.cpp">
      <Filter>소스 파일</Filter>
    </ClCompile>
    <ClCompile Include="11055-가장 큰 증가 부분 수열.cpp">
      <Filter>소스 파일</Filter>
    </ClCompile>
    <ClCompile Include="1032-명령 프롬프트.cpp">
      <Filter>소스 파일</Filter>
    </ClCompile>
    <ClCompile Include="1152-단어의 개수.cpp">
      <Filter>소스 파일</Filter>
    </ClCompile>
    <ClCompile Include="10987-모음의 개수.cpp">
      <Filter>소스 파일</Filter>
    </ClCompile>
    <ClCompile Include="4949-균형잡힌 세상.cpp">
      <Filter>소스 파일</Filter>
    </ClCompile>
    <ClCompile Include="2789-유학 금지.cpp">
      <Filter>소스 파일</Filter>
    </ClCompile>
    <ClCompile Include="9935-문자열 폭발.cpp">
      <Filter>소스 파일</Filter>
    </ClCompile>
    <ClCompile Include="2352-반도체 설계.cpp">
      <Filter>소스 파일</Filter>
    </ClCompile>
  </ItemGroup>
</Project>